Microsoft Visual Studio Solution File, Format Version 12.00
# Visual Studio Version 17
VisualStudioVersion = 17.5.2.0
MinimumVisualStudioVersion = 10.0.40219.1
Project("{FAE04EC0-301F-11D3-BF4B-00C04F79EFBC}") = "Progetto_StruttureControlloCicli", "Progetto_StruttureControlloCicli.csproj", "{1C7D2CD6-10F8-63DD-AFD0-025BED27DFA8}"
EndProject
Global
	GlobalSection(SolutionConfigurationPlatforms) = preSolution
		Debug|Any CPU = Debug|Any CPU
		Release|Any CPU = Release|Any CPU
	EndGlobalSection
	GlobalSection(ProjectConfigurationPlatforms) = postSolution
		{1C7D2CD6-10F8-63DD-AFD0-025BED27DFA8}.Debug|Any CPU.ActiveCfg = Debug|Any CPU
		{1C7D2CD6-10F8-63DD-AFD0-025BED27DFA8}.Debug|Any CPU.Build.0 = Debug|Any CPU
		{1C7D2CD6-10F8-63DD-AFD0-025BED27DFA8}.Release|Any CPU.ActiveCfg = Release|Any CPU
		{1C7D2CD6-10F8-63DD-AFD0-025BED27DFA8}.Release|Any CPU.Build.0 = Release|Any CPU
	EndGlobalSection
	GlobalSection(SolutionProperties) = preSolution
		HideSolutionNode = FALSE
	EndGlobalSection
	GlobalSection(ExtensibilityGlobals) = postSolution
		SolutionGuid = {1E90A270-5568-4695-B9C7-A8E012D5AB83}
	EndGlobalSection
EndGlobal
