Microsoft Visual Studio Solution File, Format Version 12.00
# Visual Studio Version 17
VisualStudioVersion = 17.5.2.0
MinimumVisualStudioVersion = 10.0.40219.1
Project("{FAE04EC0-301F-11D3-BF4B-00C04F79EFBC}") = "Progetto_ArrayCollezioni", "Progetto_ArrayCollezioni.csproj", "{F4D6FE22-1EEE-3DC1-E9CE-025972AD1A15}"
EndProject
Global
	GlobalSection(SolutionConfigurationPlatforms) = preSolution
		Debug|Any CPU = Debug|Any CPU
		Release|Any CPU = Release|Any CPU
	EndGlobalSection
	GlobalSection(ProjectConfigurationPlatforms) = postSolution
		{F4D6FE22-1EEE-3DC1-E9CE-025972AD1A15}.Debug|Any CPU.ActiveCfg = Debug|Any CPU
		{F4D6FE22-1EEE-3DC1-E9CE-025972AD1A15}.Debug|Any CPU.Build.0 = Debug|Any CPU
		{F4D6FE22-1EEE-3DC1-E9CE-025972AD1A15}.Release|Any CPU.ActiveCfg = Release|Any CPU
		{F4D6FE22-1EEE-3DC1-E9CE-025972AD1A15}.Release|Any CPU.Build.0 = Release|Any CPU
	EndGlobalSection
	GlobalSection(SolutionProperties) = preSolution
		HideSolutionNode = FALSE
	EndGlobalSection
	GlobalSection(ExtensibilityGlobals) = postSolution
		SolutionGuid = {8F9BDDFF-CF3A-450F-B902-14675A18350E}
	EndGlobalSection
EndGlobal
