Microsoft Visual Studio Solution File, Format Version 12.00
# Visual Studio Version 17
VisualStudioVersion = 17.5.2.0
MinimumVisualStudioVersion = 10.0.40219.1
Project("{FAE04EC0-301F-11D3-BF4B-00C04F79EFBC}") = "Progetto_Esercizi", "Progetto_Esercizi.csproj", "{D68F6558-873F-9A63-A25A-6381B8378D4D}"
EndProject
Global
	GlobalSection(SolutionConfigurationPlatforms) = preSolution
		Debug|Any CPU = Debug|Any CPU
		Release|Any CPU = Release|Any CPU
	EndGlobalSection
	GlobalSection(ProjectConfigurationPlatforms) = postSolution
		{D68F6558-873F-9A63-A25A-6381B8378D4D}.Debug|Any CPU.ActiveCfg = Debug|Any CPU
		{D68F6558-873F-9A63-A25A-6381B8378D4D}.Debug|Any CPU.Build.0 = Debug|Any CPU
		{D68F6558-873F-9A63-A25A-6381B8378D4D}.Release|Any CPU.ActiveCfg = Release|Any CPU
		{D68F6558-873F-9A63-A25A-6381B8378D4D}.Release|Any CPU.Build.0 = Release|Any CPU
	EndGlobalSection
	GlobalSection(SolutionProperties) = preSolution
		HideSolutionNode = FALSE
	EndGlobalSection
	GlobalSection(ExtensibilityGlobals) = postSolution
		SolutionGuid = {06E1FA7F-CA56-432D-84B1-8017FE8C2BE5}
	EndGlobalSection
EndGlobal
